
Microsoft Visual Studio Solution File, Format Version 12.00
# Visual Studio Version 17
VisualStudioVersion = 17.10.35013.160
MinimumVisualStudioVersion = 10.0.40219.1
Project("{FAE04EC0-301F-11D3-BF4B-00C04F79EFBC}") = "8", "8\8.csproj", "{BDCED218-7208-4938-AA0B-91791BEF1D91}"
EndProject
Global
	GlobalSection(SolutionConfigurationPlatforms) = preSolution
		Debug|Any CPU = Debug|Any CPU
		Release|Any CPU = Release|Any CPU
	EndGlobalSection
	GlobalSection(ProjectConfigurationPlatforms) = postSolution
		{BDCED218-7208-4938-AA0B-91791BEF1D91}.Debug|Any CPU.ActiveCfg = Debug|Any CPU
		{BDCED218-7208-4938-AA0B-91791BEF1D91}.Debug|Any CPU.Build.0 = Debug|Any CPU
		{BDCED218-7208-4938-AA0B-91791BEF1D91}.Release|Any CPU.ActiveCfg = Release|Any CPU
		{BDCED218-7208-4938-AA0B-91791BEF1D91}.Release|Any CPU.Build.0 = Release|Any CPU
	EndGlobalSection
	GlobalSection(SolutionProperties) = preSolution
		HideSolutionNode = FALSE
	EndGlobalSection
	GlobalSection(ExtensibilityGlobals) = postSolution
		SolutionGuid = {15A59F9E-FC93-4EE3-B4A8-F8D8FC08C842}
	EndGlobalSection
EndGlobal
